
Microsoft Visual Studio Solution File, Format Version 12.00
# Visual Studio Version 17
VisualStudioVersion = 17.0.31903.59
MinimumVisualStudioVersion = 10.0.40219.1
Project("{2150E333-8FDC-42A3-9474-1A3956D46DE8}") = "Source", "Source", "{AE984299-0B6C-49EF-8F6A-035FFDD1F06A}"
EndProject
Project("{FAE04EC0-301F-11D3-BF4B-00C04F79EFBC}") = "Padutronics.Gaming.DependencyInjection", "Source\Padutronics.Gaming.DependencyInjection\Padutronics.Gaming.DependencyInjection.csproj", "{C6EABC30-880A-485F-A59A-4B07D2FC658C}"
EndProject
Global
	GlobalSection(SolutionConfigurationPlatforms) = preSolution
		Debug|Any CPU = Debug|Any CPU
		Release|Any CPU = Release|Any CPU
	EndGlobalSection
	GlobalSection(SolutionProperties) = preSolution
		HideSolutionNode = FALSE
	EndGlobalSection
	GlobalSection(ProjectConfigurationPlatforms) = postSolution
		{C6EABC30-880A-485F-A59A-4B07D2FC658C}.Debug|Any CPU.ActiveCfg = Debug|Any CPU
		{C6EABC30-880A-485F-A59A-4B07D2FC658C}.Debug|Any CPU.Build.0 = Debug|Any CPU
		{C6EABC30-880A-485F-A59A-4B07D2FC658C}.Release|Any CPU.ActiveCfg = Release|Any CPU
		{C6EABC30-880A-485F-A59A-4B07D2FC658C}.Release|Any CPU.Build.0 = Release|Any CPU
	EndGlobalSection
	GlobalSection(NestedProjects) = preSolution
		{C6EABC30-880A-485F-A59A-4B07D2FC658C} = {AE984299-0B6C-49EF-8F6A-035FFDD1F06A}
	EndGlobalSection
EndGlobal
